# This file is automatically @generated by Cargo.
# It is not intended for manual editing.
[[package]]
name = "abort_on_panic"
version = "1.0.0"
source = "registry+https://github.com/rust-lang/crates.io-index"
checksum = "9fa948f9ec9f095cc955efbe4fd00ac5774ef933cc2442562a8fe5a57c4ef919"

[[package]]
name = "aho-corasick"
version = "0.6.6"
source = "registry+https://github.com/rust-lang/crates.io-index"
checksum = "c1c6d463cbe7ed28720b5b489e7c083eeb8f90d08be2a0d6bb9e1ffea9ce1afa"
dependencies = [
 "memchr 2.2.0",
]

[[package]]
name = "aho-corasick"
version = "0.7.3"
source = "registry+https://github.com/rust-lang/crates.io-index"
checksum = "e6f484ae0c99fec2e858eb6134949117399f222608d84cadb3f58c1f97c2364c"
dependencies = [
 "memchr 2.2.0",
]

[[package]]
name = "ansi_term"
version = "0.10.2"
source = "registry+https://github.com/rust-lang/crates.io-index"
checksum = "6b3568b48b7cefa6b8ce125f9bb4989e52fbcc29ebea88df04cc7c5f12f70455"

[[package]]
name = "ansi_term"
version = "0.11.0"
source = "registry+https://github.com/rust-lang/crates.io-index"
checksum = "ee49baf6cb617b853aa8d93bf420db2383fab46d314482ca2803b40d5fde979b"
dependencies = [
 "winapi 0.3.5",
]

[[package]]
name = "array-macro"
version = "1.0.2"
source = "registry+https://github.com/rust-lang/crates.io-index"
checksum = "8b1b1a00de235e9f2cc0e650423dc249d875c116a5934188c08fdd0c02d840ef"

[[package]]
name = "atty"
version = "0.2.11"
source = "registry+https://github.com/rust-lang/crates.io-index"
checksum = "9a7d5b8723950951411ee34d271d99dddcc2035a16ab25310ea2c8cfd4369652"
dependencies = [
 "libc",
 "termion",
 "winapi 0.3.5",
]

[[package]]
name = "autocfg"
version = "1.0.1"
source = "registry+https://github.com/rust-lang/crates.io-index"
checksum = "cdb031dd78e28731d87d56cc8ffef4a8f36ca26c38fe2de700543e627f8a464a"

[[package]]
name = "backtrace"
version = "0.3.9"
source = "registry+https://github.com/rust-lang/crates.io-index"
checksum = "89a47830402e9981c5c41223151efcced65a0510c13097c769cede7efb34782a"
dependencies = [
 "backtrace-sys",
 "cfg-if 0.1.4",
 "libc",
 "rustc-demangle",
 "winapi 0.3.5",
]

[[package]]
name = "backtrace-sys"
version = "0.1.24"
source = "registry+https://github.com/rust-lang/crates.io-index"
checksum = "c66d56ac8dabd07f6aacdaf633f4b8262f5b3601a810a0dcddffd5c22c69daa0"
dependencies = [
 "cc",
 "libc",
]

[[package]]
name = "bindgen"
version = "0.31.3"
source = "registry+https://github.com/rust-lang/crates.io-index"
checksum = "57253399c086f4f29e57ffd3b5cdbc23a806a00292619351aa4cfa39cb49d4ea"
dependencies = [
 "cexpr",
 "cfg-if 0.1.4",
 "clang-sys",
 "clap",
 "env_logger 0.4.3",
 "lazy_static 0.2.11",
 "log 0.3.9",
 "peeking_take_while",
 "quote 0.3.15",
 "regex 0.2.11",
 "which",
]

[[package]]
name = "bitflags"
version = "1.0.3"
source = "registry+https://github.com/rust-lang/crates.io-index"
checksum = "d0c54bb8f454c567f21197eefcdbf5679d0bd99f2ddbe52e84c77061952e6789"

[[package]]
name = "build-probe-mpi"
version = "0.1.1"
source = "registry+https://github.com/rust-lang/crates.io-index"
checksum = "f4d5ddc2cdf4852ffc94a5f68c41cd4a0c8164984725a2435d9d2e8763edad88"
dependencies = [
 "pkg-config",
]

[[package]]
name = "byte-tools"
version = "0.2.0"
source = "registry+https://github.com/rust-lang/crates.io-index"
checksum = "560c32574a12a89ecd91f5e742165893f86e3ab98d21f8ea548658eb9eef5f40"

[[package]]
name = "cc"
version = "1.0.25"
source = "registry+https://github.com/rust-lang/crates.io-index"
checksum = "f159dfd43363c4d08055a07703eb7a3406b0dac4d0584d96965a3262db3c9d16"

[[package]]
name = "cexpr"
version = "0.2.3"
source = "registry+https://github.com/rust-lang/crates.io-index"
checksum = "42aac45e9567d97474a834efdee3081b3c942b2205be932092f53354ce503d6c"
dependencies = [
 "nom",
]

[[package]]
name = "cfg-if"
version = "0.1.4"
source = "registry+https://github.com/rust-lang/crates.io-index"
checksum = "efe5c877e17a9c717a0bf3613b2709f723202c4e4675cc8f12926ded29bcb17e"

[[package]]
name = "cfg-if"
version = "1.0.0"
source = "registry+https://github.com/rust-lang/crates.io-index"
checksum = "baf1de4339761588bc0619e3cbc0120ee582ebb74b53b4efbf79117bd2da40fd"

[[package]]
name = "chrono"
version = "0.4.6"
source = "registry+https://github.com/rust-lang/crates.io-index"
checksum = "45912881121cb26fad7c38c17ba7daa18764771836b34fab7d3fbd93ed633878"
dependencies = [
 "num-integer",
 "num-traits 0.2.5",
 "time",
]

[[package]]
name = "clang-sys"
version = "0.21.2"
source = "registry+https://github.com/rust-lang/crates.io-index"
checksum = "e414af9726e1d11660801e73ccc7fb81803fb5f49e5903a25b348b2b3b480d2e"
dependencies = [
 "glob",
 "libc",
 "libloading",
]

[[package]]
name = "clap"
version = "2.32.0"
source = "registry+https://github.com/rust-lang/crates.io-index"
checksum = "b957d88f4b6a63b9d70d5f454ac8011819c6efa7727858f458ab71c756ce2d3e"
dependencies = [
 "ansi_term 0.11.0",
 "atty",
 "bitflags",
 "strsim",
 "textwrap",
 "unicode-width",
 "vec_map",
]

[[package]]
name = "cmake"
version = "0.1.35"
source = "registry+https://github.com/rust-lang/crates.io-index"
checksum = "6ec65ee4f9c9d16f335091d23693457ed4928657ba4982289d7fafee03bc614a"
dependencies = [
 "cc",
]

[[package]]
name = "coalesce"
version = "0.1.1"
source = "registry+https://github.com/rust-lang/crates.io-index"
checksum = "e7f42f93baa58655bd5b3db91dd9b2073dc8a0c887dc35bd1cfefbd43fc7cf07"

[[package]]
name = "colored"
version = "1.6.1"
source = "registry+https://github.com/rust-lang/crates.io-index"
checksum = "dc0a60679001b62fb628c4da80e574b9645ab4646056d7c9018885efffe45533"
dependencies = [
 "lazy_static 1.4.0",
]

[[package]]
name = "const_fn"
version = "0.4.4"
source = "registry+https://github.com/rust-lang/crates.io-index"
checksum = "cd51eab21ab4fd6a3bf889e2d0958c0a6e3a61ad04260325e919e652a2a62826"

[[package]]
name = "conv"
version = "0.3.3"
source = "registry+https://github.com/rust-lang/crates.io-index"
checksum = "78ff10625fd0ac447827aa30ea8b861fead473bb60aeb73af6c1c58caf0d1299"
dependencies = [
 "custom_derive",
]

[[package]]
name = "crossbeam-channel"
version = "0.5.0"
source = "registry+https://github.com/rust-lang/crates.io-index"
checksum = "dca26ee1f8d361640700bde38b2c37d8c22b3ce2d360e1fc1c74ea4b0aa7d775"
dependencies = [
 "cfg-if 1.0.0",
 "crossbeam-utils",
]

[[package]]
name = "crossbeam-deque"
version = "0.8.0"
source = "registry+https://github.com/rust-lang/crates.io-index"
checksum = "94af6efb46fef72616855b036a624cf27ba656ffc9be1b9a3c931cfc7749a9a9"
dependencies = [
 "cfg-if 1.0.0",
 "crossbeam-epoch",
 "crossbeam-utils",
]

[[package]]
name = "crossbeam-epoch"
version = "0.9.1"
source = "registry+https://github.com/rust-lang/crates.io-index"
checksum = "a1aaa739f95311c2c7887a76863f500026092fb1dce0161dab577e559ef3569d"
dependencies = [
 "cfg-if 1.0.0",
 "const_fn",
 "crossbeam-utils",
 "lazy_static 1.4.0",
 "memoffset",
 "scopeguard",
]

[[package]]
name = "crossbeam-utils"
version = "0.8.1"
source = "registry+https://github.com/rust-lang/crates.io-index"
checksum = "02d96d1e189ef58269ebe5b97953da3274d83a93af647c2ddd6f9dab28cedb8d"
dependencies = [
 "autocfg",
 "cfg-if 1.0.0",
 "lazy_static 1.4.0",
]

[[package]]
name = "custom_derive"
version = "0.1.7"
source = "registry+https://github.com/rust-lang/crates.io-index"
checksum = "ef8ae57c4978a2acd8b869ce6b9ca1dfe817bff704c220209fdef2c0b75a01b9"

[[package]]
name = "dftbplus-sys"
version = "0.0.2"
source = "git+https://github.com/ExpHP/dftbplus-sys?tag=v0.0.2#d29cc408cbfd934e1c6ab0206908d62990283bfa"
dependencies = [
 "bindgen",
 "path_abs 0.3.17",
 "pkg-config",
 "walkdir",
]

[[package]]
name = "difference"
version = "2.0.0"
source = "registry+https://github.com/rust-lang/crates.io-index"
checksum = "524cbf6897b527295dff137cec09ecf3a05f4fddffd7dfcd1585403449e74198"

[[package]]
name = "dtoa"
version = "0.4.3"
source = "registry+https://github.com/rust-lang/crates.io-index"
checksum = "6d301140eb411af13d3115f9a562c85cc6b541ade9dfa314132244aaee7489dd"

[[package]]
name = "either"
version = "1.5.0"
source = "registry+https://github.com/rust-lang/crates.io-index"
checksum = "3be565ca5c557d7f59e7cfcf1844f9e3033650c929c6566f511e8005f205c1d0"

[[package]]
name = "enum-map"
version = "0.4.1"
source = "registry+https://github.com/rust-lang/crates.io-index"
checksum = "caa1769f019df7ccd8f9a741d2d608309688d0f1bd8a8747c14ac993660c761c"
dependencies = [
 "array-macro",
 "enum-map-derive",
 "reexport-proc-macro",
]

[[package]]
name = "enum-map-derive"
version = "0.4.0"
source = "registry+https://github.com/rust-lang/crates.io-index"
checksum = "f915c8ef505ce27b6fa51515463938aa2e9135081fefc93aef786539a646a365"
dependencies = [
 "proc-macro2 0.4.24",
 "quote 0.6.10",
 "syn 0.14.9",
]

[[package]]
name = "env_logger"
version = "0.4.3"
source = "registry+https://github.com/rust-lang/crates.io-index"
checksum = "3ddf21e73e016298f5cb37d6ef8e8da8e39f91f9ec8b0df44b7deb16a9f8cd5b"
dependencies = [
 "log 0.3.9",
 "regex 0.2.11",
]

[[package]]
name = "env_logger"
version = "0.6.1"
source = "registry+https://github.com/rust-lang/crates.io-index"
checksum = "b61fa891024a945da30a9581546e8cfaf5602c7b3f4c137a2805cf388f92075a"
dependencies = [
 "atty",
 "humantime",
 "log 0.4.3",
 "regex 1.1.6",
 "termcolor",
]

[[package]]
name = "error-chain"
version = "0.12.0"
source = "registry+https://github.com/rust-lang/crates.io-index"
checksum = "07e791d3be96241c77c43846b665ef1384606da2cd2a48730abe606a12906e02"
dependencies = [
 "backtrace",
]

[[package]]
name = "extension-trait"
version = "0.1.3"
source = "registry+https://github.com/rust-lang/crates.io-index"
checksum = "38435e6c83f489a559c7cd3c1cb0f2790a4601120228641c905861471d416611"

[[package]]
name = "failure"
version = "0.1.3"
source = "registry+https://github.com/rust-lang/crates.io-index"
checksum = "6dd377bcc1b1b7ce911967e3ec24fa19c3224394ec05b54aa7b083d498341ac7"
dependencies = [
 "backtrace",
 "failure_derive",
]

[[package]]
name = "failure_derive"
version = "0.1.3"
source = "registry+https://github.com/rust-lang/crates.io-index"
checksum = "64c2d913fe8ed3b6c6518eedf4538255b989945c14c2a7d5cbff62a5e2120596"
dependencies = [
 "proc-macro2 0.4.24",
 "quote 0.6.10",
 "syn 0.15.22",
 "synstructure",
]

[[package]]
name = "fern"
version = "0.5.7"
source = "registry+https://github.com/rust-lang/crates.io-index"
checksum = "b48af88aaf938b11baef948a5599e66e709cf92854aa2b87c71f1bcf20f80a01"
dependencies = [
 "colored",
 "log 0.4.3",
]

[[package]]
name = "fixedbitset"
version = "0.1.9"
source = "registry+https://github.com/rust-lang/crates.io-index"
checksum = "86d4de0081402f5e88cdac65c8dcdcc73118c1a7a465e2a05f0da05843a8ea33"

[[package]]
name = "frunk"
version = "0.2.2"
source = "registry+https://github.com/rust-lang/crates.io-index"
checksum = "5d806c72a0eb8160c5a2fa565bf3023241f9daf8519c54516bed0b7a9d7ecff8"
dependencies = [
 "frunk_core",
 "frunk_derives",
]

[[package]]
name = "frunk_core"
version = "0.2.2"
source = "registry+https://github.com/rust-lang/crates.io-index"
checksum = "2769e5202f46f8003c60029d4cbf71fbc3dd5eb1b7daa9cc194d4029a3f4ee0a"

[[package]]
name = "frunk_derives"
version = "0.2.2"
source = "registry+https://github.com/rust-lang/crates.io-index"
checksum = "94b27b228d426bf98032f39df8d46c77ddf08a9faba936d4006bf2d2d9948283"
dependencies = [
 "frunk_core",
 "quote 0.6.10",
 "syn 0.15.22",
]

[[package]]
name = "fuchsia-zircon"
version = "0.3.3"
source = "registry+https://github.com/rust-lang/crates.io-index"
checksum = "2e9763c69ebaae630ba35f74888db465e49e259ba1bc0eda7d06f4a067615d82"
dependencies = [
 "bitflags",
 "fuchsia-zircon-sys",
]

[[package]]
name = "fuchsia-zircon-sys"
version = "0.3.3"
source = "registry+https://github.com/rust-lang/crates.io-index"
checksum = "3dcaa9ae7725d12cdb85b3ad99a434db70b468c09ded17e012d86b5c1010f7a7"

[[package]]
name = "gcc"
version = "0.3.55"
source = "registry+https://github.com/rust-lang/crates.io-index"
checksum = "8f5f3913fa0bfe7ee1fd8248b6b9f42a5af4b9d65ec2dd2c3c26132b950ecfc2"

[[package]]
name = "getset"
version = "0.0.6"
source = "registry+https://github.com/rust-lang/crates.io-index"
checksum = "54c7f36a235738bb25904d6a2b3dbb28f6f5736cd3918c4bf80d6bb236200782"
dependencies = [
 "proc-macro2 0.3.8",
 "quote 0.5.2",
 "syn 0.13.11",
]

[[package]]
name = "glob"
version = "0.2.11"
source = "registry+https://github.com/rust-lang/crates.io-index"
checksum = "8be18de09a56b60ed0edf84bc9df007e30040691af7acd1c41874faac5895bfb"

[[package]]
name = "humantime"
version = "1.1.1"
source = "registry+https://github.com/rust-lang/crates.io-index"
checksum = "0484fda3e7007f2a4a0d9c3a703ca38c71c54c55602ce4660c419fd32e188c9e"
dependencies = [
 "quick-error",
]

[[package]]
name = "include_dir"
version = "0.2.1"
source = "registry+https://github.com/rust-lang/crates.io-index"
checksum = "f41a8bee1894b3fb755d8f09ccd764650476358197a0582555f698fe84b0ae93"
dependencies = [
 "glob",
 "include_dir_impl",
 "proc-macro-hack",
]

[[package]]
name = "include_dir_impl"
version = "0.2.1"
source = "registry+https://github.com/rust-lang/crates.io-index"
checksum = "0c4b029199aef0fb9921fdc5623843197e6f4a035774523817599a9f55e4bf3b"
dependencies = [
 "failure",
 "proc-macro-hack",
 "proc-macro2 0.4.24",
 "quote 0.6.10",
 "syn 0.14.9",
]

[[package]]
name = "indoc"
version = "0.2.8"
source = "registry+https://github.com/rust-lang/crates.io-index"
checksum = "098a82c5223d3162a32d79f84e43d718c32f050d07b796285684ee43059bc8c4"
dependencies = [
 "indoc-impl",
 "proc-macro-hack",
]

[[package]]
name = "indoc-impl"
version = "0.2.8"
source = "registry+https://github.com/rust-lang/crates.io-index"
checksum = "55cf2a15c870db1b07595cc9adaece19fac97d59a16665e79cd728b391a6b711"
dependencies = [
 "proc-macro-hack",
 "proc-macro2 0.4.24",
 "quote 0.6.10",
 "syn 0.15.22",
 "unindent",
]

[[package]]
name = "itertools"
version = "0.7.8"
source = "registry+https://github.com/rust-lang/crates.io-index"
checksum = "f58856976b776fedd95533137617a02fb25719f40e7d9b01c7043cd65474f450"
dependencies = [
 "either",
]

[[package]]
name = "itertools"
version = "0.8.0"
source = "registry+https://github.com/rust-lang/crates.io-index"
checksum = "5b8467d9c1cebe26feb08c640139247fac215782d35371ade9a2136ed6085358"
dependencies = [
 "either",
]

[[package]]
name = "itoa"
version = "0.4.3"
source = "registry+https://github.com/rust-lang/crates.io-index"
checksum = "1306f3464951f30e30d12373d31c79fbd52d236e5e896fd92f96ec7babbbe60b"

[[package]]
name = "kernel32-sys"
version = "0.2.2"
source = "registry+https://github.com/rust-lang/crates.io-index"
checksum = "7507624b29483431c0ba2d82aece8ca6cdba9382bff4ddd0f7490560c056098d"
dependencies = [
 "winapi 0.2.8",
 "winapi-build",
]

[[package]]
name = "lammps-sys"
version = "0.6.0"
source = "registry+https://github.com/rust-lang/crates.io-index"
checksum = "48cf686604af921c9fcbc7aaa671a86146b3ccb9ac6b925ebc8ba212a91cc488"
dependencies = [
 "bindgen",
 "cmake",
 "extension-trait",
 "mpi-sys",
 "path_abs 0.3.17",
 "pkg-config",
 "walkdir",
]

[[package]]
name = "lapacke"
version = "0.2.0"
source = "registry+https://github.com/rust-lang/crates.io-index"
checksum = "4bce9d3464fe3be72376bcbe3dc4df22dd368ca228b62e8415d2c7b09bb58677"
dependencies = [
 "lapacke-sys",
 "libc",
 "num-complex 0.2.1",
]

[[package]]
name = "lapacke-sys"
version = "0.1.4"
source = "registry+https://github.com/rust-lang/crates.io-index"
checksum = "2f7d0817c6f4a6029f3b153de01d6498dcf9df659a7536c58bd8df5cd3ccaa6e"
dependencies = [
 "libc",
]

[[package]]
name = "lazy_static"
version = "0.2.11"
source = "registry+https://github.com/rust-lang/crates.io-index"
checksum = "76f033c7ad61445c5b347c7382dd1237847eb1bce590fe50365dcb33d546be73"

[[package]]
name = "lazy_static"
version = "1.4.0"
source = "registry+https://github.com/rust-lang/crates.io-index"
checksum = "e2abad23fbc42b3700f2f279844dc832adb2b2eb069b2df918f455c4e18cc646"

[[package]]
name = "libc"
version = "0.2.43"
source = "registry+https://github.com/rust-lang/crates.io-index"
checksum = "76e3a3ef172f1a0b9a9ff0dd1491ae5e6c948b94479a3021819ba7d860c8645d"

[[package]]
name = "libffi"
version = "0.6.4"
source = "registry+https://github.com/rust-lang/crates.io-index"
checksum = "d8a9dac273181f514d742b6b858be5153570c5b80dd4d6020093c0fa584578b1"
dependencies = [
 "abort_on_panic",
 "libc",
 "libffi-sys",
]

[[package]]
name = "libffi-sys"
version = "0.6.3"
source = "registry+https://github.com/rust-lang/crates.io-index"
checksum = "4675d5d7fdbba34b66218fae3b0d528c2b29580a64ca2ccc5bbfc5af2324b373"
dependencies = [
 "bindgen",
 "make-cmd",
 "pkg-config",
]

[[package]]
name = "libloading"
version = "0.4.3"
source = "registry+https://github.com/rust-lang/crates.io-index"
checksum = "fd38073de8f7965d0c17d30546d4bb6da311ab428d1c7a3fc71dff7f9d4979b9"
dependencies = [
 "kernel32-sys",
 "lazy_static 1.4.0",
 "winapi 0.2.8",
]

[[package]]
name = "linked-hash-map"
version = "0.5.3"
source = "registry+https://github.com/rust-lang/crates.io-index"
checksum = "8dd5a6d5999d9907cda8ed67bbd137d3af8085216c2ac62de5be860bd41f304a"

[[package]]
name = "log"
version = "0.3.9"
source = "registry+https://github.com/rust-lang/crates.io-index"
checksum = "e19e8d5c34a3e0e2223db8e060f9e8264aeeb5c5fc64a4ee9965c062211c024b"
dependencies = [
 "log 0.4.3",
]

[[package]]
name = "log"
version = "0.4.3"
source = "registry+https://github.com/rust-lang/crates.io-index"
checksum = "61bd98ae7f7b754bc53dca7d44b604f733c6bba044ea6f41bc8d89272d8161d2"
dependencies = [
 "cfg-if 0.1.4",
]

[[package]]
name = "lzma-sys"
version = "0.1.11"
source = "registry+https://github.com/rust-lang/crates.io-index"
checksum = "144bd03f1e992eb9a3b236779f3438abc7e747cbb6c5c2c21c07b557aab26836"
dependencies = [
 "cc",
 "libc",
 "pkg-config",
]

[[package]]
name = "make-cmd"
version = "0.1.0"
source = "registry+https://github.com/rust-lang/crates.io-index"
checksum = "a8ca8afbe8af1785e09636acb5a41e08a765f5f0340568716c18a8700ba3c0d3"

[[package]]
name = "matrixmultiply"
version = "0.1.15"
source = "registry+https://github.com/rust-lang/crates.io-index"
checksum = "dcad67dcec2d58ff56f6292582377e6921afdf3bfbd533e26fb8900ae575e002"
dependencies = [
 "rawpointer",
]

[[package]]
name = "memchr"
version = "1.0.2"
source = "registry+https://github.com/rust-lang/crates.io-index"
checksum = "148fab2e51b4f1cfc66da2a7c32981d1d3c083a803978268bb11fe4b86925e7a"
dependencies = [
 "libc",
]

[[package]]
name = "memchr"
version = "2.2.0"
source = "registry+https://github.com/rust-lang/crates.io-index"
checksum = "2efc7bc57c883d4a4d6e3246905283d8dae951bb3bd32f49d6ef297f546e1c39"

[[package]]
name = "memoffset"
version = "0.6.1"
source = "registry+https://github.com/rust-lang/crates.io-index"
checksum = "157b4208e3059a8f9e78d559edc658e13df41410cb3ae03979c83130067fdd87"
dependencies = [
 "autocfg",
]

[[package]]
name = "mpi"
version = "0.5.4"
source = "registry+https://github.com/rust-lang/crates.io-index"
checksum = "7446e2b185924eb36cb5b6723c56c9da5a91e9e3246e2b58f6974b58376f0abb"
dependencies = [
 "conv",
 "libffi",
 "mpi-sys",
 "rustc_version",
]

[[package]]
name = "mpi-sys"
version = "0.1.2"
source = "registry+https://github.com/rust-lang/crates.io-index"
checksum = "5d6059465fe3500b0acdef3107ce0fa4635f4672725a74be5353e5e1fc8c4745"
dependencies = [
 "bindgen",
 "build-probe-mpi",
 "gcc",
]

[[package]]
name = "ndarray"
version = "0.11.2"
source = "registry+https://github.com/rust-lang/crates.io-index"
checksum = "0e3d24c5ba54015d7d5203ca6f00d4cc16c71042bf7f7be26f091236f390a16a"
dependencies = [
 "itertools 0.7.8",
 "matrixmultiply",
 "num-complex 0.1.43",
 "num-traits 0.1.43",
]

[[package]]
name = "nom"
version = "3.2.1"
source = "registry+https://github.com/rust-lang/crates.io-index"
checksum = "05aec50c70fd288702bcd93284a8444607f3292dbdf2a30de5ea5dcdbe72287b"
dependencies = [
 "memchr 1.0.2",
]

[[package]]
name = "num-complex"
version = "0.1.43"
source = "registry+https://github.com/rust-lang/crates.io-index"
checksum = "b288631d7878aaf59442cffd36910ea604ecd7745c36054328595114001c9656"
dependencies = [
 "num-traits 0.2.5",
]

[[package]]
name = "num-complex"
version = "0.2.1"
source = "registry+https://github.com/rust-lang/crates.io-index"
checksum = "107b9be86cd2481930688277b675b0114578227f034674726605b8a482d8baf8"
dependencies = [
 "num-traits 0.2.5",
]

[[package]]
name = "num-integer"
version = "0.1.39"
source = "registry+https://github.com/rust-lang/crates.io-index"
checksum = "e83d528d2677f0518c570baf2b7abdcf0cd2d248860b68507bdcb3e91d4c0cea"
dependencies = [
 "num-traits 0.2.5",
]

[[package]]
name = "num-traits"
version = "0.1.43"
source = "registry+https://github.com/rust-lang/crates.io-index"
checksum = "92e5113e9fd4cc14ded8e499429f396a20f98c772a47cc8622a736e1ec843c31"
dependencies = [
 "num-traits 0.2.5",
]

[[package]]
name = "num-traits"
version = "0.2.5"
source = "registry+https://github.com/rust-lang/crates.io-index"
checksum = "630de1ef5cc79d0cdd78b7e33b81f083cbfe90de0f4b2b2f07f905867c70e9fe"

[[package]]
name = "num_cpus"
version = "1.8.0"
source = "registry+https://github.com/rust-lang/crates.io-index"
checksum = "c51a3322e4bca9d212ad9a158a02abc6934d005490c054a2778df73a70aa0a30"
dependencies = [
 "libc",
]

[[package]]
name = "objekt"
version = "0.1.1"
source = "registry+https://github.com/rust-lang/crates.io-index"
checksum = "7d32585b38ed56d6f37af8d99bca1025bced540f9b8926b1ed4953e00a2d39f4"

[[package]]
name = "openblas-src"
version = "0.9.0"
source = "registry+https://github.com/rust-lang/crates.io-index"
checksum = "84629d1d4f9f40d3f9e4756dae33c6af50d3c2fcc186558dac65bf55141ade6b"

[[package]]
name = "ordered-float"
version = "1.0.1"
source = "registry+https://github.com/rust-lang/crates.io-index"
checksum = "2f0015e9e8e28ee20c581cfbfe47c650cedeb9ed0721090e0b7ebb10b9cdbcc2"
dependencies = [
 "num-traits 0.2.5",
]

[[package]]
name = "ordermap"
version = "0.3.5"
source = "registry+https://github.com/rust-lang/crates.io-index"
checksum = "a86ed3f5f244b372d6b1a00b72ef7f8876d0bc6a78a4c9985c53614041512063"

[[package]]
name = "path_abs"
version = "0.3.17"
source = "registry+https://github.com/rust-lang/crates.io-index"
checksum = "5af5cc89155371aeb3a27de4f86effcbde0fc1d27ebcbc720c627a1298bf746e"
dependencies = [
 "std_prelude",
]

[[package]]
name = "path_abs"
version = "0.5.0"
source = "registry+https://github.com/rust-lang/crates.io-index"
checksum = "eb6b8e6dede0bf94e9300e669f335ba92d5fc9fc8be7f4b1ca8a05206489388c"
dependencies = [
 "serde",
 "serde_derive",
 "std_prelude",
 "stfu8",
]

[[package]]
name = "peeking_take_while"
version = "0.1.2"
source = "registry+https://github.com/rust-lang/crates.io-index"
checksum = "19b17cddbe7ec3f8bc800887bab5e717348c95ea2ca0b1bf0837fb964dc67099"

[[package]]
name = "petgraph"
version = "0.4.13"
source = "registry+https://github.com/rust-lang/crates.io-index"
checksum = "9c3659d1ee90221741f65dd128d9998311b0e40c5d3c23a62445938214abce4f"
dependencies = [
 "fixedbitset",
 "ordermap",
]

[[package]]
name = "pkg-config"
version = "0.3.14"
source = "registry+https://github.com/rust-lang/crates.io-index"
checksum = "676e8eb2b1b4c9043511a9b7bea0915320d7e502b0a079fb03f9635a5252b18c"

[[package]]
name = "pretty_assertions"
version = "0.5.1"
source = "registry+https://github.com/rust-lang/crates.io-index"
checksum = "3a029430f0d744bc3d15dd474d591bed2402b645d024583082b9f63bb936dac6"
dependencies = [
 "ansi_term 0.11.0",
 "difference",
]

[[package]]
name = "proc-macro-hack"
version = "0.4.1"
source = "registry+https://github.com/rust-lang/crates.io-index"
checksum = "2c725b36c99df7af7bf9324e9c999b9e37d92c8f8caf106d82e1d7953218d2d8"
dependencies = [
 "proc-macro-hack-impl",
]

[[package]]
name = "proc-macro-hack-impl"
version = "0.4.1"
source = "registry+https://github.com/rust-lang/crates.io-index"
checksum = "2b753ad9ed99dd8efeaa7d2fb8453c8f6bc3e54b97966d35f1bc77ca6865254a"

[[package]]
name = "proc-macro2"
version = "0.3.8"
source = "registry+https://github.com/rust-lang/crates.io-index"
checksum = "1b06e2f335f48d24442b35a19df506a835fb3547bc3c06ef27340da9acf5cae7"
dependencies = [
 "unicode-xid",
]

[[package]]
name = "proc-macro2"
version = "0.4.24"
source = "registry+https://github.com/rust-lang/crates.io-index"
checksum = "77619697826f31a02ae974457af0b29b723e5619e113e9397b8b82c6bd253f09"
dependencies = [
 "unicode-xid",
]

[[package]]
name = "quick-error"
version = "1.2.2"
source = "registry+https://github.com/rust-lang/crates.io-index"
checksum = "9274b940887ce9addde99c4eee6b5c44cc494b182b97e73dc8ffdcb3397fd3f0"

[[package]]
name = "quote"
version = "0.3.15"
source = "registry+https://github.com/rust-lang/crates.io-index"
checksum = "7a6e920b65c65f10b2ae65c831a81a073a89edd28c7cce89475bff467ab4167a"

[[package]]
name = "quote"
version = "0.5.2"
source = "registry+https://github.com/rust-lang/crates.io-index"
checksum = "9949cfe66888ffe1d53e6ec9d9f3b70714083854be20fd5e271b232a017401e8"
dependencies = [
 "proc-macro2 0.3.8",
]

[[package]]
name = "quote"
version = "0.6.10"
source = "registry+https://github.com/rust-lang/crates.io-index"
checksum = "53fa22a1994bd0f9372d7a816207d8a2677ad0325b073f5c5332760f0fb62b5c"
dependencies = [
 "proc-macro2 0.4.24",
]

[[package]]
name = "rand"
version = "0.3.22"
source = "registry+https://github.com/rust-lang/crates.io-index"
checksum = "15a732abf9d20f0ad8eeb6f909bf6868722d9a06e1e50802b6a70351f40b4eb1"
dependencies = [
 "fuchsia-zircon",
 "libc",
 "rand 0.4.2",
]

[[package]]
name = "rand"
version = "0.4.2"
source = "registry+https://github.com/rust-lang/crates.io-index"
checksum = "eba5f8cb59cc50ed56be8880a5c7b496bfd9bd26394e176bc67884094145c2c5"
dependencies = [
 "fuchsia-zircon",
 "libc",
 "winapi 0.3.5",
]

[[package]]
name = "rawpointer"
version = "0.1.0"
source = "registry+https://github.com/rust-lang/crates.io-index"
checksum = "ebac11a9d2e11f2af219b8b8d833b76b1ea0e054aa0e8d8e9e4cbde353bdf019"

[[package]]
name = "rayon"
version = "1.5.0"
source = "registry+https://github.com/rust-lang/crates.io-index"
checksum = "8b0d8e0819fadc20c74ea8373106ead0600e3a67ef1fe8da56e39b9ae7275674"
dependencies = [
 "autocfg",
 "crossbeam-deque",
 "either",
 "rayon-core",
]

[[package]]
name = "rayon-cond"
version = "0.1.0"
source = "registry+https://github.com/rust-lang/crates.io-index"
checksum = "fd1259362c9065e5ea39a789ef40b1e3fd934c94beb7b5ab3ac6629d3b5e7cb7"
dependencies = [
 "either",
 "itertools 0.8.0",
 "rayon",
]

[[package]]
name = "rayon-core"
version = "1.9.0"
source = "registry+https://github.com/rust-lang/crates.io-index"
checksum = "9ab346ac5921dc62ffa9f89b7a773907511cdfa5490c572ae9be1be33e8afa4a"
dependencies = [
 "crossbeam-channel",
 "crossbeam-deque",
 "crossbeam-utils",
 "lazy_static 1.4.0",
 "num_cpus",
]

[[package]]
name = "redox_syscall"
version = "0.1.40"
source = "registry+https://github.com/rust-lang/crates.io-index"
checksum = "c214e91d3ecf43e9a4e41e578973adeb14b474f2bee858742d127af75a0112b1"

[[package]]
name = "redox_termios"
version = "0.1.1"
source = "registry+https://github.com/rust-lang/crates.io-index"
checksum = "7e891cfe48e9100a70a3b6eb652fef28920c117d366339687bd5576160db0f76"
dependencies = [
 "redox_syscall",
]

[[package]]
name = "reexport-proc-macro"
version = "1.0.5"
source = "registry+https://github.com/rust-lang/crates.io-index"
checksum = "438fe63770eda15baf98e30b4d27ada49b932866307fa04fec24d9043fe63324"

[[package]]
name = "regex"
version = "0.2.11"
source = "registry+https://github.com/rust-lang/crates.io-index"
checksum = "9329abc99e39129fcceabd24cf5d85b4671ef7c29c50e972bc5afe32438ec384"
dependencies = [
 "aho-corasick 0.6.6",
 "memchr 2.2.0",
 "regex-syntax 0.5.6",
 "thread_local",
 "utf8-ranges",
]

[[package]]
name = "regex"
version = "1.1.6"
source = "registry+https://github.com/rust-lang/crates.io-index"
checksum = "8f0a0bcab2fd7d1d7c54fa9eae6f43eddeb9ce2e7352f8518a814a4f65d60c58"
dependencies = [
 "aho-corasick 0.7.3",
 "memchr 2.2.0",
 "regex-syntax 0.6.6",
 "thread_local",
 "utf8-ranges",
]

[[package]]
name = "regex-syntax"
version = "0.5.6"
source = "registry+https://github.com/rust-lang/crates.io-index"
checksum = "7d707a4fa2637f2dca2ef9fd02225ec7661fe01a53623c1e6515b6916511f7a7"
dependencies = [
 "ucd-util",
]

[[package]]
name = "regex-syntax"
version = "0.6.6"
source = "registry+https://github.com/rust-lang/crates.io-index"
checksum = "dcfd8681eebe297b81d98498869d4aae052137651ad7b96822f09ceb690d0a96"
dependencies = [
 "ucd-util",
]

[[package]]
name = "remove_dir_all"
version = "0.5.1"
source = "registry+https://github.com/rust-lang/crates.io-index"
checksum = "3488ba1b9a2084d38645c4c08276a1752dcbf2c7130d74f1569681ad5d2799c5"
dependencies = [
 "winapi 0.3.5",
]

[[package]]
name = "rsp2"
version = "0.1.0"
dependencies = [
 "ansi_term 0.10.2",
 "clap",
 "env_logger 0.6.1",
 "failure",
 "fern",
 "itertools 0.7.8",
 "libffi-sys",
 "log 0.4.3",
 "mpi",
 "path_abs 0.5.0",
 "pretty_assertions",
 "rand 0.3.22",
 "rsp2-array-types",
 "rsp2-assert-close",
 "rsp2-clap",
 "rsp2-dftbplus",
 "rsp2-dynmat",
 "rsp2-fs-util",
 "rsp2-integration-test",
 "rsp2-kets",
 "rsp2-lammps-wrap",
 "rsp2-linalg",
 "rsp2-minimize",
 "rsp2-newtype-indices",
 "rsp2-phonopy-io",
 "rsp2-potentials",
 "rsp2-python",
 "rsp2-slice-math",
 "rsp2-soa-ops",
 "rsp2-sparse",
 "rsp2-structure",
 "rsp2-structure-io",
 "rsp2-tasks",
 "rsp2-tasks-config",
 "rsp2-util-macros",
 "rsp2c-unfold",
 "serde",
 "serde_derive",
 "serde_json",
 "serde_yaml",
 "slice-of-array",
 "vergen",
]

[[package]]
name = "rsp2-array-types"
version = "0.1.0"
dependencies = [
 "num-complex 0.2.1",
 "num-traits 0.2.5",
 "rand 0.3.22",
 "rsp2-assert-close",
 "serde",
 "slice-of-array",
]

[[package]]
name = "rsp2-assert-close"
version = "0.1.0"

[[package]]
name = "rsp2-clap"
version = "0.1.0"
dependencies = [
 "clap",
]

[[package]]
name = "rsp2-dftbplus"
version = "0.1.0"
dependencies = [
 "dftbplus-sys",
 "failure",
 "log 0.4.3",
 "rsp2-array-types",
 "rsp2-fs-util",
 "rsp2-structure",
 "slice-of-array",
]

[[package]]
name = "rsp2-dynmat"
version = "0.1.0"
dependencies = [
 "failure",
 "log 0.4.3",
 "num-traits 0.2.5",
 "rand 0.3.22",
 "rsp2-array-types",
 "rsp2-linalg",
 "rsp2-newtype-indices",
 "rsp2-soa-ops",
 "rsp2-sparse",
 "rsp2-structure",
 "rsp2-util-macros",
 "serde",
 "slice-of-array",
]

[[package]]
name = "rsp2-fs-util"
version = "0.1.0"
dependencies = [
 "failure",
 "log 0.4.3",
 "tempdir",
]

[[package]]
name = "rsp2-integration-test"
version = "0.1.0"
dependencies = [
 "env_logger 0.6.1",
 "failure",
 "itertools 0.7.8",
 "log 0.4.3",
 "path_abs 0.5.0",
 "pretty_assertions",
 "rsp2-array-types",
 "rsp2-assert-close",
 "rsp2-fs-util",
 "rsp2-python",
 "rsp2-structure",
 "serde",
 "serde_derive",
 "serde_json",
 "slice-of-array",
 "xz2",
]

[[package]]
name = "rsp2-kets"
version = "0.4.0"
source = "git+https://github.com/ExpHP/rsp2-kets?tag=v0.4.0#9eecf91edbb63b9e692066784bc5ed232c94e26f"
dependencies = [
 "lazy_static 0.2.11",
 "serde",
]

[[package]]
name = "rsp2-lammps-wrap"
version = "0.1.0"
dependencies = [
 "chrono",
 "failure",
 "lammps-sys",
 "lazy_static 1.4.0",
 "log 0.4.3",
 "mpi",
 "rsp2-array-types",
 "rsp2-assert-close",
 "rsp2-structure",
 "slice-of-array",
]

[[package]]
name = "rsp2-linalg"
version = "0.1.0"
dependencies = [
 "failure",
 "lapacke",
 "ndarray",
 "num-integer",
 "num-traits 0.2.5",
 "openblas-src",
 "rand 0.3.22",
 "rsp2-array-types",
 "rsp2-assert-close",
 "slice-of-array",
]

[[package]]
name = "rsp2-minimize"
version = "0.1.0"
dependencies = [
 "either",
 "env_logger 0.6.1",
 "failure",
 "itertools 0.7.8",
 "log 0.4.3",
 "objekt",
 "ordered-float",
 "rand 0.3.22",
 "rsp2-assert-close",
 "rsp2-slice-math",
 "rsp2-util-macros",
 "serde",
 "serde_derive",
 "serde_json",
]

[[package]]
name = "rsp2-newtype-indices"
version = "0.1.0"

[[package]]
name = "rsp2-phonopy-io"
version = "0.1.0"
dependencies = [
 "byte-tools",
 "failure",
 "nom",
 "rsp2-array-types",
 "rsp2-kets",
 "rsp2-structure",
 "serde",
 "serde_derive",
 "serde_json",
 "serde_yaml",
]

[[package]]
name = "rsp2-potentials"
version = "0.1.0"
dependencies = [
 "enum-map",
 "failure",
 "lazy_static 1.4.0",
 "log 0.4.3",
 "petgraph",
 "rand 0.3.22",
 "rayon",
 "rayon-cond",
 "rsp2-array-types",
 "rsp2-assert-close",
 "rsp2-minimize",
 "rsp2-newtype-indices",
 "rsp2-structure",
 "rsp2-structure-io",
 "rsp2-util-macros",
 "serde",
 "serde_derive",
 "serde_json",
 "slice-of-array",
 "stack",
 "xz2",
]

[[package]]
name = "rsp2-python"
version = "0.1.0"
dependencies = [
 "failure",
 "include_dir",
 "log 0.4.3",
 "rsp2-fs-util",
 "walkdir",
]

[[package]]
name = "rsp2-slice-math"
version = "0.1.0"

[[package]]
name = "rsp2-soa-ops"
version = "0.1.0"
dependencies = [
 "frunk",
 "rand 0.3.22",
]

[[package]]
name = "rsp2-sparse"
version = "0.1.0"
dependencies = [
 "failure",
 "num-traits 0.2.5",
 "rsp2-newtype-indices",
 "rsp2-util-macros",
]

[[package]]
name = "rsp2-structure"
version = "0.1.0"
dependencies = [
 "failure",
 "itertools 0.7.8",
 "lazy_static 1.4.0",
 "log 0.4.3",
 "num-integer",
 "ordered-float",
 "petgraph",
 "rand 0.3.22",
 "rsp2-array-types",
 "rsp2-assert-close",
 "rsp2-soa-ops",
 "serde",
 "serde_json",
 "slice-of-array",
]

[[package]]
name = "rsp2-structure-io"
version = "0.1.0"
dependencies = [
 "failure",
 "log 0.4.3",
 "num-complex 0.2.1",
 "rsp2-array-types",
 "rsp2-soa-ops",
 "rsp2-structure",
 "rsp2-util-macros",
 "serde",
 "serde_derive",
 "serde_yaml",
 "vasp-poscar",
]

[[package]]
name = "rsp2-tasks"
version = "0.1.0"
dependencies = [
 "ansi_term 0.10.2",
 "clap",
 "either",
 "enum-map",
 "env_logger 0.6.1",
 "extension-trait",
 "failure",
 "fern",
 "frunk",
 "indoc",
 "itertools 0.7.8",
 "lammps-sys",
 "lazy_static 1.4.0",
 "log 0.4.3",
 "mpi",
 "num-complex 0.2.1",
 "num-traits 0.2.5",
 "num_cpus",
 "path_abs 0.5.0",
 "petgraph",
 "rand 0.3.22",
 "rayon",
 "rayon-cond",
 "rsp2-array-types",
 "rsp2-assert-close",
 "rsp2-clap",
 "rsp2-dftbplus",
 "rsp2-dynmat",
 "rsp2-fs-util",
 "rsp2-kets",
 "rsp2-lammps-wrap",
 "rsp2-linalg",
 "rsp2-minimize",
 "rsp2-newtype-indices",
 "rsp2-phonopy-io",
 "rsp2-potentials",
 "rsp2-python",
 "rsp2-slice-math",
 "rsp2-soa-ops",
 "rsp2-sparse",
 "rsp2-structure",
 "rsp2-structure-io",
 "rsp2-tasks-config",
 "rsp2-util-macros",
 "serde",
 "serde_derive",
 "serde_ignored",
 "serde_json",
 "serde_yaml",
 "shlex",
 "slice-of-array",
 "stack",
 "tee",
 "xz2",
]

[[package]]
name = "rsp2-tasks-config"
version = "0.1.0"
dependencies = [
 "failure",
 "log 0.4.3",
 "rsp2-minimize",
 "rsp2-util-macros",
 "serde",
 "serde_derive",
 "serde_ignored",
 "serde_json",
 "serde_yaml",
]

[[package]]
name = "rsp2-util-macros"
version = "0.1.0"

[[package]]
name = "rsp2c-unfold"
version = "0.1.0"
dependencies = [
 "atty",
 "num-complex 0.2.1",
 "rayon",
 "rsp2-array-types",
 "rsp2-assert-close",
 "rsp2-soa-ops",
 "rsp2-util-macros",
 "slice-of-array",
]

[[package]]
name = "rustc-demangle"
version = "0.1.9"
source = "registry+https://github.com/rust-lang/crates.io-index"
checksum = "bcfe5b13211b4d78e5c2cadfebd7769197d95c639c35a50057eb4c05de811395"

[[package]]
name = "rustc_version"
version = "0.2.3"
source = "registry+https://github.com/rust-lang/crates.io-index"
checksum = "138e3e0acb6c9fb258b19b67cb8abd63c00679d2851805ea151465464fe9030a"
dependencies = [
 "semver",
]

[[package]]
name = "ryu"
version = "0.2.7"
source = "registry+https://github.com/rust-lang/crates.io-index"
checksum = "eb9e9b8cde282a9fe6a42dd4681319bfb63f121b8a8ee9439c6f4107e58a46f7"

[[package]]
name = "same-file"
version = "1.0.4"
source = "registry+https://github.com/rust-lang/crates.io-index"
checksum = "8f20c4be53a8a1ff4c1f1b2bd14570d2f634628709752f0702ecdd2b3f9a5267"
dependencies = [
 "winapi-util",
]

[[package]]
name = "scopeguard"
version = "1.1.0"
source = "registry+https://github.com/rust-lang/crates.io-index"
checksum = "d29ab0c6d3fc0ee92fe66e2d99f700eab17a8d57d1c1d3b748380fb20baa78cd"

[[package]]
name = "semver"
version = "0.9.0"
source = "registry+https://github.com/rust-lang/crates.io-index"
checksum = "1d7eb9ef2c18661902cc47e535f9bc51b78acd254da71d375c2f6720d9a40403"
dependencies = [
 "semver-parser",
]

[[package]]
name = "semver-parser"
version = "0.7.0"
source = "registry+https://github.com/rust-lang/crates.io-index"
checksum = "388a1df253eca08550bef6c72392cfe7c30914bf41df5269b68cbd6ff8f570a3"

[[package]]
name = "serde"
version = "1.0.91"
source = "registry+https://github.com/rust-lang/crates.io-index"
checksum = "a72e9b96fa45ce22a4bc23da3858dfccfd60acd28a25bcd328a98fdd6bea43fd"
dependencies = [
 "serde_derive",
]

[[package]]
name = "serde_derive"
version = "1.0.91"
source = "registry+https://github.com/rust-lang/crates.io-index"
checksum = "101b495b109a3e3ca8c4cbe44cf62391527cdfb6ba15821c5ce80bcd5ea23f9f"
dependencies = [
 "proc-macro2 0.4.24",
 "quote 0.6.10",
 "syn 0.15.22",
]

[[package]]
name = "serde_ignored"
version = "0.0.4"
source = "registry+https://github.com/rust-lang/crates.io-index"
checksum = "190e9765dcedb56be63b6e0993a006c7e3b071a016a304736e4a315dc01fb142"
dependencies = [
 "serde",
]

[[package]]
name = "serde_json"
version = "1.0.33"
source = "registry+https://github.com/rust-lang/crates.io-index"
checksum = "c37ccd6be3ed1fdf419ee848f7c758eb31b054d7cd3ae3600e3bae0adf569811"
dependencies = [
 "itoa",
 "ryu",
 "serde",
]

[[package]]
name = "serde_yaml"
version = "0.7.5"
source = "registry+https://github.com/rust-lang/crates.io-index"
checksum = "ef8099d3df28273c99a1728190c7a9f19d444c941044f64adf986bee7ec53051"
dependencies = [
 "dtoa",
 "linked-hash-map",
 "serde",
 "yaml-rust",
]

[[package]]
name = "shlex"
version = "0.1.1"
source = "registry+https://github.com/rust-lang/crates.io-index"
checksum = "7fdf1b9db47230893d76faad238fd6097fd6d6a9245cd7a4d90dbd639536bbd2"

[[package]]
name = "slice-of-array"
version = "0.2.1"
source = "registry+https://github.com/rust-lang/crates.io-index"
checksum = "8fffe93cb1051a724788529b504be2a1016498582545e50d76de4ffca1906367"

[[package]]
name = "stack"
version = "0.3.0"
source = "registry+https://github.com/rust-lang/crates.io-index"
checksum = "a7f3ed2856d65d6ab4875666dab1f2a9c65d1cb8b1ac389c0a38042a84861795"
dependencies = [
 "coalesce",
 "unreachable",
]

[[package]]
name = "std_prelude"
version = "0.2.12"
source = "registry+https://github.com/rust-lang/crates.io-index"
checksum = "8207e78455ffdf55661170876f88daf85356e4edd54e0a3dbc79586ca1e50cbe"

[[package]]
name = "stfu8"
version = "0.2.4"
source = "registry+https://github.com/rust-lang/crates.io-index"
checksum = "4bf70433e3300a3c395d06606a700cdf4205f4f14dbae2c6833127c6bb22db77"
dependencies = [
 "lazy_static 1.4.0",
 "regex 1.1.6",
]

[[package]]
name = "strsim"
version = "0.7.0"
source = "registry+https://github.com/rust-lang/crates.io-index"
checksum = "bb4f380125926a99e52bc279241539c018323fab05ad6368b56f93d9369ff550"

[[package]]
name = "syn"
version = "0.13.11"
source = "registry+https://github.com/rust-lang/crates.io-index"
checksum = "14f9bf6292f3a61d2c716723fdb789a41bbe104168e6f496dc6497e531ea1b9b"
dependencies = [
 "proc-macro2 0.3.8",
 "quote 0.5.2",
 "unicode-xid",
]

[[package]]
name = "syn"
version = "0.14.9"
source = "registry+https://github.com/rust-lang/crates.io-index"
checksum = "261ae9ecaa397c42b960649561949d69311f08eeaea86a65696e6e46517cf741"
dependencies = [
 "proc-macro2 0.4.24",
 "quote 0.6.10",
 "unicode-xid",
]

[[package]]
name = "syn"
version = "0.15.22"
source = "registry+https://github.com/rust-lang/crates.io-index"
checksum = "ae8b29eb5210bc5cf63ed6149cbf9adfc82ac0be023d8735c176ee74a2db4da7"
dependencies = [
 "proc-macro2 0.4.24",
 "quote 0.6.10",
 "unicode-xid",
]

[[package]]
name = "synstructure"
version = "0.10.1"
source = "registry+https://github.com/rust-lang/crates.io-index"
checksum = "73687139bf99285483c96ac0add482c3776528beac1d97d444f6e91f203a2015"
dependencies = [
 "proc-macro2 0.4.24",
 "quote 0.6.10",
 "syn 0.15.22",
 "unicode-xid",
]

[[package]]
name = "tee"
version = "0.1.0"
source = "registry+https://github.com/rust-lang/crates.io-index"
checksum = "37c12559dba7383625faaff75be24becf35bfc885044375bcab931111799a3da"

[[package]]
name = "tempdir"
version = "0.3.7"
source = "registry+https://github.com/rust-lang/crates.io-index"
checksum = "15f2b5fb00ccdf689e0149d1b1b3c03fead81c2b37735d812fa8bddbbf41b6d8"
dependencies = [
 "rand 0.4.2",
 "remove_dir_all",
]

[[package]]
name = "termcolor"
version = "1.0.4"
source = "registry+https://github.com/rust-lang/crates.io-index"
checksum = "4096add70612622289f2fdcdbd5086dc81c1e2675e6ae58d6c4f62a16c6d7f2f"
dependencies = [
 "wincolor",
]

[[package]]
name = "termion"
version = "1.5.1"
source = "registry+https://github.com/rust-lang/crates.io-index"
checksum = "689a3bdfaab439fd92bc87df5c4c78417d3cbe537487274e9b0b2dce76e92096"
dependencies = [
 "libc",
 "redox_syscall",
 "redox_termios",
]

[[package]]
name = "textwrap"
version = "0.10.0"
source = "registry+https://github.com/rust-lang/crates.io-index"
checksum = "307686869c93e71f94da64286f9a9524c0f308a9e1c87a583de8e9c9039ad3f6"
dependencies = [
 "unicode-width",
]

[[package]]
name = "thread_local"
version = "0.3.6"
source = "registry+https://github.com/rust-lang/crates.io-index"
checksum = "c6b53e329000edc2b34dbe8545fd20e55a333362d0a321909685a19bd28c3f1b"
dependencies = [
 "lazy_static 1.4.0",
]

[[package]]
name = "time"
version = "0.1.40"
source = "registry+https://github.com/rust-lang/crates.io-index"
checksum = "d825be0eb33fda1a7e68012d51e9c7f451dc1a69391e7fdc197060bb8c56667b"
dependencies = [
 "libc",
 "redox_syscall",
 "winapi 0.3.5",
]

[[package]]
name = "ucd-util"
version = "0.1.1"
source = "registry+https://github.com/rust-lang/crates.io-index"
checksum = "fd2be2d6639d0f8fe6cdda291ad456e23629558d466e2789d2c3e9892bda285d"

[[package]]
name = "unicode-width"
version = "0.1.5"
source = "registry+https://github.com/rust-lang/crates.io-index"
checksum = "882386231c45df4700b275c7ff55b6f3698780a650026380e72dabe76fa46526"

[[package]]
name = "unicode-xid"
version = "0.1.0"
source = "registry+https://github.com/rust-lang/crates.io-index"
checksum = "fc72304796d0818e357ead4e000d19c9c174ab23dc11093ac919054d20a6a7fc"

[[package]]
name = "unindent"
version = "0.1.3"
source = "registry+https://github.com/rust-lang/crates.io-index"
checksum = "834b4441326c660336850c5c0926cc20548e848967a5f57bc20c2b741c8d41f4"

[[package]]
name = "unreachable"
version = "1.0.0"
source = "registry+https://github.com/rust-lang/crates.io-index"
checksum = "382810877fe448991dfc7f0dd6e3ae5d58088fd0ea5e35189655f84e6814fa56"
dependencies = [
 "void",
]

[[package]]
name = "utf8-ranges"
version = "1.0.2"
source = "registry+https://github.com/rust-lang/crates.io-index"
checksum = "796f7e48bef87609f7ade7e06495a87d5cd06c7866e6a5cbfceffc558a243737"

[[package]]
name = "vasp-poscar"
version = "0.3.1"
source = "registry+https://github.com/rust-lang/crates.io-index"
checksum = "5458d7689e35f4fcf6b861e23a71ca2a151e690ed283c73fc29d80174f51570c"
dependencies = [
 "dtoa",
 "failure",
]

[[package]]
name = "vec_map"
version = "0.8.1"
source = "registry+https://github.com/rust-lang/crates.io-index"
checksum = "05c78687fb1a80548ae3250346c3db86a80a7cdd77bda190189f2d0a0987c81a"

[[package]]
name = "vergen"
version = "2.1.3"
source = "registry+https://github.com/rust-lang/crates.io-index"
checksum = "93fb2d57fbc535fcd45548c99b141d2d960995daaf04b864c4d9fe1ea011c819"
dependencies = [
 "bitflags",
 "chrono",
 "error-chain",
 "getset",
]

[[package]]
name = "void"
version = "1.0.2"
source = "registry+https://github.com/rust-lang/crates.io-index"
checksum = "6a02e4885ed3bc0f2de90ea6dd45ebcbb66dacffe03547fadbb0eeae2770887d"

[[package]]
name = "walkdir"
version = "2.2.7"
source = "registry+https://github.com/rust-lang/crates.io-index"
checksum = "9d9d7ed3431229a144296213105a390676cc49c9b6a72bd19f3176c98e129fa1"
dependencies = [
 "same-file",
 "winapi 0.3.5",
 "winapi-util",
]

[[package]]
name = "which"
version = "1.0.5"
source = "registry+https://github.com/rust-lang/crates.io-index"
checksum = "e84a603e7e0b1ce1aa1ee2b109c7be00155ce52df5081590d1ffb93f4f515cb2"
dependencies = [
 "libc",
]

[[package]]
name = "winapi"
version = "0.2.8"
source = "registry+https://github.com/rust-lang/crates.io-index"
checksum = "167dc9d6949a9b857f3451275e911c3f44255842c1f7a76f33c55103a909087a"

[[package]]
name = "winapi"
version = "0.3.5"
source = "registry+https://github.com/rust-lang/crates.io-index"
checksum = "773ef9dcc5f24b7d850d0ff101e542ff24c3b090a9768e03ff889fdef41f00fd"
dependencies = [
 "winapi-i686-pc-windows-gnu",
 "winapi-x86_64-pc-windows-gnu",
]

[[package]]
name = "winapi-build"
version = "0.1.1"
source = "registry+https://github.com/rust-lang/crates.io-index"
checksum = "2d315eee3b34aca4797b2da6b13ed88266e6d612562a0c46390af8299fc699bc"

[[package]]
name = "winapi-i686-pc-windows-gnu"
version = "0.4.0"
source = "registry+https://github.com/rust-lang/crates.io-index"
checksum = "ac3b87c63620426dd9b991e5ce0329eff545bccbbb34f3be09ff6fb6ab51b7b6"

[[package]]
name = "winapi-util"
version = "0.1.1"
source = "registry+https://github.com/rust-lang/crates.io-index"
checksum = "afc5508759c5bf4285e61feb862b6083c8480aec864fa17a81fdec6f69b461ab"
dependencies = [
 "winapi 0.3.5",
]

[[package]]
name = "winapi-x86_64-pc-windows-gnu"
version = "0.4.0"
source = "registry+https://github.com/rust-lang/crates.io-index"
checksum = "712e227841d057c1ee1cd2fb22fa7e5a5461ae8e48fa2ca79ec42cfc1931183f"

[[package]]
name = "wincolor"
version = "1.0.0"
source = "registry+https://github.com/rust-lang/crates.io-index"
checksum = "b9dc3aa9dcda98b5a16150c54619c1ead22e3d3a5d458778ae914be760aa981a"
dependencies = [
 "winapi 0.3.5",
]

[[package]]
name = "xz2"
version = "0.1.6"
source = "registry+https://github.com/rust-lang/crates.io-index"
checksum = "c179869f34fc7c01830d3ce7ea2086bc3a07e0d35289b667d0a8bf910258926c"
dependencies = [
 "lzma-sys",
]

[[package]]
name = "yaml-rust"
version = "0.4.2"
source = "registry+https://github.com/rust-lang/crates.io-index"
checksum = "95acf0db5515d07da9965ec0e0ba6cc2d825e2caeb7303b66ca441729801254e"
dependencies = [
 "linked-hash-map",
]
